// !$*UTF8*$!
{
	archiveVersion = 1;
	classes = {
	};
	objectVersion = 48;
	objects = {

/* Begin PBXBuildFile section */
		4158FD771F0CEF11009188E5 /* UIViewController+Extension.swift in Sources */ = {isa = PBXBuildFile; fileRef = 4158FD761F0CEF11009188E5 /* UIViewController+Extension.swift */; };
		41679A2A1F0531E9009E0CFB /* AppDelegate.swift in Sources */ = {isa = PBXBuildFile; fileRef = 41679A291F0531E9009E0CFB /* AppDelegate.swift */; };
		41679A2C1F0531E9009E0CFB /* HomeViewController.swift in Sources */ = {isa = PBXBuildFile; fileRef = 41679A2B1F0531E9009E0CFB /* HomeViewController.swift */; };
		41679A2F1F0531E9009E0CFB /* Main.storyboard in Resources */ = {isa = PBXBuildFile; fileRef = 41679A2D1F0531E9009E0CFB /* Main.storyboard */; };
		41679A311F0531E9009E0CFB /* Assets.xcassets in Resources */ = {isa = PBXBuildFile; fileRef = 41679A301F0531E9009E0CFB /* Assets.xcassets */; };
		41679A341F0531E9009E0CFB /* LaunchScreen.storyboard in Resources */ = {isa = PBXBuildFile; fileRef = 41679A321F0531E9009E0CFB /* LaunchScreen.storyboard */; };
		41E7B22A1F061D1300249C39 /* SignUpViewController.swift in Sources */ = {isa = PBXBuildFile; fileRef = 41E7B2291F061D1300249C39 /* SignUpViewController.swift */; };
		41E7B22C1F061D2500249C39 /* LoginViewController.swift in Sources */ = {isa = PBXBuildFile; fileRef = 41E7B22B1F061D2500249C39 /* LoginViewController.swift */; };
		41E7B22E1F06485500249C39 /* UserDetailViewController.swift in Sources */ = {isa = PBXBuildFile; fileRef = 41E7B22D1F06485500249C39 /* UserDetailViewController.swift */; };
		41E7B2301F06516100249C39 /* UserDefaultKeys.swift in Sources */ = {isa = PBXBuildFile; fileRef = 41E7B22F1F06516100249C39 /* UserDefaultKeys.swift */; };
		41FA284A1F0BBBA900DE5CC4 /* TextFieldValidation.swift in Sources */ = {isa = PBXBuildFile; fileRef = 41FA28491F0BBBA900DE5CC4 /* TextFieldValidation.swift */; };
/* End PBXBuildFile section */

/* Begin PBXFileReference section */
		4158FD761F0CEF11009188E5 /* UIViewController+Extension.swift */ = {isa = PBXFileReference; lastKnownFileType = sourcecode.swift; path = "UIViewController+Extension.swift"; sourceTree = "<group>"; };
		41679A261F0531E9009E0CFB /* LoginApp.app */ = {isa = PBXFileReference; explicitFileType = wrapper.application; includeInIndex = 0; path = LoginApp.app; sourceTree = BUILT_PRODUCTS_DIR; };
		41679A291F0531E9009E0CFB /* AppDelegate.swift */ = {isa = PBXFileReference; lastKnownFileType = sourcecode.swift; path = AppDelegate.swift; sourceTree = "<group>"; };
		41679A2B1F0531E9009E0CFB /* HomeViewController.swift */ = {isa = PBXFileReference; lastKnownFileType = sourcecode.swift; path = HomeViewController.swift; sourceTree = "<group>"; };
		41679A2E1F0531E9009E0CFB /* Base */ = {isa = PBXFileReference; lastKnownFileType = file.storyboard; name = Base; path = Base.lproj/Main.storyboard; sourceTree = "<group>"; };
		41679A301F0531E9009E0CFB /* Assets.xcassets */ = {isa = PBXFileReference; lastKnownFileType = folder.assetcatalog; path = Assets.xcassets; sourceTree = "<group>"; };
		41679A331F0531E9009E0CFB /* Base */ = {isa = PBXFileReference; lastKnownFileType = file.storyboard; name = Base; path = Base.lproj/LaunchScreen.storyboard; sourceTree = "<group>"; };
		41679A351F0531E9009E0CFB /* Info.plist */ = {isa = PBXFileReference; lastKnownFileType = text.plist.xml; path = Info.plist; sourceTree = "<group>"; };
		41E7B2291F061D1300249C39 /* SignUpViewController.swift */ = {isa = PBXFileReference; lastKnownFileType = sourcecode.swift; path = SignUpViewController.swift; sourceTree = "<group>"; };
		41E7B22B1F061D2500249C39 /* LoginViewController.swift */ = {isa = PBXFileReference; lastKnownFileType = sourcecode.swift; path = LoginViewController.swift; sourceTree = "<group>"; };
		41E7B22D1F06485500249C39 /* UserDetailViewController.swift */ = {isa = PBXFileReference; lastKnownFileType = sourcecode.swift; path = UserDetailViewController.swift; sourceTree = "<group>"; };
		41E7B22F1F06516100249C39 /* UserDefaultKeys.swift */ = {isa = PBXFileReference; lastKnownFileType = sourcecode.swift; path = UserDefaultKeys.swift; sourceTree = "<group>"; };
		41FA28491F0BBBA900DE5CC4 /* TextFieldValidation.swift */ = {isa = PBXFileReference; lastKnownFileType = sourcecode.swift; path = TextFieldValidation.swift; sourceTree = "<group>"; };
/* End PBXFileReference section */

/* Begin PBXFrameworksBuildPhase section */
		41679A231F0531E9009E0CFB /* Frameworks */ = {
			isa = PBXFrameworksBuildPhase;
			buildActionMask = 2147483647;
			files = (
			);
			runOnlyForDeploymentPostprocessing = 0;
		};
/* End PBXFrameworksBuildPhase section */

/* Begin PBXGroup section */
		41679A1D1F0531E9009E0CFB = {
			isa = PBXGroup;
			children = (
				41679A281F0531E9009E0CFB /* LoginApp */,
				41679A271F0531E9009E0CFB /* Products */,
			);
			sourceTree = "<group>";
		};
		41679A271F0531E9009E0CFB /* Products */ = {
			isa = PBXGroup;
			children = (
				41679A261F0531E9009E0CFB /* LoginApp.app */,
			);
			name = Products;
			sourceTree = "<group>";
		};
		41679A281F0531E9009E0CFB /* LoginApp */ = {
			isa = PBXGroup;
			children = (
				41679A291F0531E9009E0CFB /* AppDelegate.swift */,
				41E7B22D1F06485500249C39 /* UserDetailViewController.swift */,
				41679A2B1F0531E9009E0CFB /* HomeViewController.swift */,
				41E7B22F1F06516100249C39 /* UserDefaultKeys.swift */,
				41679A2D1F0531E9009E0CFB /* Main.storyboard */,
				41E7B2291F061D1300249C39 /* SignUpViewController.swift */,
				41FA28491F0BBBA900DE5CC4 /* TextFieldValidation.swift */,
				41E7B22B1F061D2500249C39 /* LoginViewController.swift */,
				41679A301F0531E9009E0CFB /* Assets.xcassets */,
				41679A321F0531E9009E0CFB /* LaunchScreen.storyboard */,
				41679A351F0531E9009E0CFB /* Info.plist */,
				4158FD761F0CEF11009188E5 /* UIViewController+Extension.swift */,
			);
			path = LoginApp;
			sourceTree = "<group>";
		};
/* End PBXGroup section */

/* Begin PBXNativeTarget section */
		41679A251F0531E9009E0CFB /* LoginApp */ = {
			isa = PBXNativeTarget;
			buildConfigurationList = 41679A381F0531E9009E0CFB /* Build configuration list for PBXNativeTarget "LoginApp" */;
			buildPhases = (
				41679A221F0531E9009E0CFB /* Sources */,
				41679A231F0531E9009E0CFB /* Frameworks */,
				41679A241F0531E9009E0CFB /* Resources */,
			);
			buildRules = (
			);
			dependencies = (
			);
			name = LoginApp;
			productName = LoginApp;
			productReference = 41679A261F0531E9009E0CFB /* LoginApp.app */;
			productType = "com.apple.product-type.application";
		};
/* End PBXNativeTarget section */

/* Begin PBXProject section */
		41679A1E1F0531E9009E0CFB /* Project object */ = {
			isa = PBXProject;
			attributes = {
				LastSwiftUpdateCheck = 0900;
				LastUpgradeCheck = 0900;
				ORGANIZATIONNAME = "Sunita Moond";
				TargetAttributes = {
					41679A251F0531E9009E0CFB = {
						CreatedOnToolsVersion = 9.0;
					};
				};
			};
			buildConfigurationList = 41679A211F0531E9009E0CFB /* Build configuration list for PBXProject "LoginApp" */;
			compatibilityVersion = "Xcode 8.0";
			developmentRegion = en;
			hasScannedForEncodings = 0;
			knownRegions = (
				en,
				Base,
			);
			mainGroup = 41679A1D1F0531E9009E0CFB;
			productRefGroup = 41679A271F0531E9009E0CFB /* Products */;
			projectDirPath = "";
			projectRoot = "";
			targets = (
				41679A251F0531E9009E0CFB /* LoginApp */,
			);
		};
/* End PBXProject section */

/* Begin PBXResourcesBuildPhase section */
		41679A241F0531E9009E0CFB /* Resources */ = {
			isa = PBXResourcesBuildPhase;
			buildActionMask = 2147483647;
			files = (
				41679A341F0531E9009E0CFB /* LaunchScreen.storyboard in Resources */,
				41679A311F0531E9009E0CFB /* Assets.xcassets in Resources */,
				41679A2F1F0531E9009E0CFB /* Main.storyboard in Resources */,
			);
			runOnlyForDeploymentPostprocessing = 0;
		};
/* End PBXResourcesBuildPhase section */

/* Begin PBXSourcesBuildPhase section */
		41679A221F0531E9009E0CFB /* Sources */ = {
			isa = PBXSourcesBuildPhase;
			buildActionMask = 2147483647;
			files = (
				4158FD771F0CEF11009188E5 /* UIViewController+Extension.swift in Sources */,
				41FA284A1F0BBBA900DE5CC4 /* TextFieldValidation.swift in Sources */,
				41E7B22C1F061D2500249C39 /* LoginViewController.swift in Sources */,
				41E7B22E1F06485500249C39 /* UserDetailViewController.swift in Sources */,
				41E7B2301F06516100249C39 /* UserDefaultKeys.swift in Sources */,
				41E7B22A1F061D1300249C39 /* SignUpViewController.swift in Sources */,
				41679A2C1F0531E9009E0CFB /* HomeViewController.swift in Sources */,
				41679A2A1F0531E9009E0CFB /* AppDelegate.swift in Sources */,
			);
			runOnlyForDeploymentPostprocessing = 0;
		};
/* End PBXSourcesBuildPhase section */

/* Begin PBXVariantGroup section */
		41679A2D1F0531E9009E0CFB /* Main.storyboard */ = {
			isa = PBXVariantGroup;
			children = (
				41679A2E1F0531E9009E0CFB /* Base */,
			);
			name = Main.storyboard;
			sourceTree = "<group>";
		};
		41679A321F0531E9009E0CFB /* LaunchScreen.storyboard */ = {
			isa = PBXVariantGroup;
			children = (
				41679A331F0531E9009E0CFB /* Base */,
			);
			name = LaunchScreen.storyboard;
			sourceTree = "<group>";
		};
/* End PBXVariantGroup section */

/* Begin XCBuildConfiguration section */
		41679A361F0531E9009E0CFB /* Debug */ = {
			isa = XCBuildConfiguration;
			buildSettings = {
				ALWAYS_SEARCH_USER_PATHS = NO;
				CLANG_ANALYZER_NONNULL = YES;
				CLANG_ANALYZER_NUMBER_OBJECT_CONVERSION = YES_AGGRESSIVE;
				CLANG_CXX_LANGUAGE_STANDARD = "gnu++14";
				CLANG_CXX_LIBRARY = "libc++";
				CLANG_ENABLE_MODULES = YES;
				CLANG_ENABLE_OBJC_ARC = YES;
				CLANG_WARN_BLOCK_CAPTURE_AUTORELEASING = YES;
				CLANG_WARN_BOOL_CONVERSION = YES;
				CLANG_WARN_COMMA = YES;
				CLANG_WARN_CONSTANT_CONVERSION = YES;
				CLANG_WARN_DIRECT_OBJC_ISA_USAGE = YES_ERROR;
				CLANG_WARN_DOCUMENTATION_COMMENTS = YES;
				CLANG_WARN_EMPTY_BODY = YES;
				CLANG_WARN_ENUM_CONVERSION = YES;
				CLANG_WARN_INFINITE_RECURSION = YES;
				CLANG_WARN_INT_CONVERSION = YES;
				CLANG_WARN_OBJC_ROOT_CLASS = YES_ERROR;
				CLANG_WARN_RANGE_LOOP_ANALYSIS = YES;
				CLANG_WARN_STRICT_PROTOTYPES = YES;
				CLANG_WARN_SUSPICIOUS_MOVE = YES;
				CLANG_WARN_UNGUARDED_AVAILABILITY = YES_AGGRESSIVE;
				CLANG_WARN_UNREACHABLE_CODE = YES;
				CLANG_WARN__DUPLICATE_METHOD_MATCH = YES;
				CODE_SIGN_IDENTITY = "iPhone Developer";
				COPY_PHASE_STRIP = NO;
				DEBUG_INFORMATION_FORMAT = dwarf;
				ENABLE_STRICT_OBJC_MSGSEND = YES;
				ENABLE_TESTABILITY = YES;
				GCC_C_LANGUAGE_STANDARD = gnu11;
				GCC_DYNAMIC_NO_PIC = NO;
				GCC_NO_COMMON_BLOCKS = YES;
				GCC_OPTIMIZATION_LEVEL = 0;
				GCC_PREPROCESSOR_DEFINITIONS = (
					"DEBUG=1",
					"$(inherited)",
				);
				GCC_WARN_64_TO_32_BIT_CONVERSION = YES;
				GCC_WARN_ABOUT_RETURN_TYPE = YES_ERROR;
				GCC_WARN_UNDECLARED_SELECTOR = YES;
				GCC_WARN_UNINITIALIZED_AUTOS = YES_AGGRESSIVE;
				GCC_WARN_UNUSED_FUNCTION = YES;
				GCC_WARN_UNUSED_VARIABLE = YES;
				IPHONEOS_DEPLOYMENT_TARGET = 11.0;
				MTL_ENABLE_DEBUG_INFO = YES;
				ONLY_ACTIVE_ARCH = YES;
				SDKROOT = iphoneos;
				SWIFT_ACTIVE_COMPILATION_CONDITIONS = DEBUG;
				SWIFT_OPTIMIZATION_LEVEL = "-Onone";
			};
			name = Debug;
		};
		41679A371F0531E9009E0CFB /* Release */ = {
			isa = XCBuildConfiguration;
			buildSettings = {
				ALWAYS_SEARCH_USER_PATHS = NO;
				CLANG_ANALYZER_NONNULL = YES;
				CLANG_ANALYZER_NUMBER_OBJECT_CONVERSION = YES_AGGRESSIVE;
				CLANG_CXX_LANGUAGE_STANDARD = "gnu++14";
				CLANG_CXX_LIBRARY = "libc++";
				CLANG_ENABLE_MODULES = YES;
				CLANG_ENABLE_OBJC_ARC = YES;
				CLANG_WARN_BLOCK_CAPTURE_AUTORELEASING = YES;
				CLANG_WARN_BOOL_CONVERSION = YES;
				CLANG_WARN_COMMA = YES;
				CLANG_WARN_CONSTANT_CONVERSION = YES;
				CLANG_WARN_DIRECT_OBJC_ISA_USAGE = YES_ERROR;
				CLANG_WARN_DOCUMENTATION_COMMENTS = YES;
				CLANG_WARN_EMPTY_BODY = YES;
				CLANG_WARN_ENUM_CONVERSION = YES;
				CLANG_WARN_INFINITE_RECURSION = YES;
				CLANG_WARN_INT_CONVERSION = YES;
				CLANG_WARN_OBJC_ROOT_CLASS = YES_ERROR;
				CLANG_WARN_RANGE_LOOP_ANALYSIS = YES;
				CLANG_WARN_STRICT_PROTOTYPES = YES;
				CLANG_WARN_SUSPICIOUS_MOVE = YES;
				CLANG_WARN_UNGUARDED_AVAILABILITY = YES_AGGRESSIVE;
				CLANG_WARN_UNREACHABLE_CODE = YES;
				CLANG_WARN__DUPLICATE_METHOD_MATCH = YES;
				CODE_SIGN_IDENTITY = "iPhone Developer";
				COPY_PHASE_STRIP = NO;
				DEBUG_INFORMATION_FORMAT = "dwarf-with-dsym";
				ENABLE_NS_ASSERTIONS = NO;
				ENABLE_STRICT_OBJC_MSGSEND = YES;
				GCC_C_LANGUAGE_STANDARD = gnu11;
				GCC_NO_COMMON_BLOCKS = YES;
				GCC_WARN_64_TO_32_BIT_CONVERSION = YES;
				GCC_WARN_ABOUT_RETURN_TYPE = YES_ERROR;
				GCC_WARN_UNDECLARED_SELECTOR = YES;
				GCC_WARN_UNINITIALIZED_AUTOS = YES_AGGRESSIVE;
				GCC_WARN_UNUSED_FUNCTION = YES;
				GCC_WARN_UNUSED_VARIABLE = YES;
				IPHONEOS_DEPLOYMENT_TARGET = 11.0;
				MTL_ENABLE_DEBUG_INFO = NO;
				SDKROOT = iphoneos;
				SWIFT_OPTIMIZATION_LEVEL = "-Owholemodule";
				VALIDATE_PRODUCT = YES;
			};
			name = Release;
		};
		41679A391F0531E9009E0CFB /* Debug */ = {
			isa = XCBuildConfiguration;
			buildSettings = {
				ASSETCATALOG_COMPILER_APPICON_NAME = AppIcon;
				INFOPLIST_FILE = LoginApp/Info.plist;
				LD_RUNPATH_SEARCH_PATHS = "$(inherited) @executable_path/Frameworks";
				PRODUCT_BUNDLE_IDENTIFIER = com.LoginApp;
				PRODUCT_NAME = "$(TARGET_NAME)";
				SWIFT_VERSION = 4.0;
				TARGETED_DEVICE_FAMILY = "1,2";
			};
			name = Debug;
		};
		41679A3A1F0531E9009E0CFB /* Release */ = {
			isa = XCBuildConfiguration;
			buildSettings = {
				ASSETCATALOG_COMPILER_APPICON_NAME = AppIcon;
				INFOPLIST_FILE = LoginApp/Info.plist;
				LD_RUNPATH_SEARCH_PATHS = "$(inherited) @executable_path/Frameworks";
				PRODUCT_BUNDLE_IDENTIFIER = com.LoginApp;
				PRODUCT_NAME = "$(TARGET_NAME)";
				SWIFT_VERSION = 4.0;
				TARGETED_DEVICE_FAMILY = "1,2";
			};
			name = Release;
		};
/* End XCBuildConfiguration section */

/* Begin XCConfigurationList section */
		41679A211F0531E9009E0CFB /* Build configuration list for PBXProject "LoginApp" */ = {
			isa = XCConfigurationList;
			buildConfigurations = (
				41679A361F0531E9009E0CFB /* Debug */,
				41679A371F0531E9009E0CFB /* Release */,
			);
			defaultConfigurationIsVisible = 0;
			defaultConfigurationName = Release;
		};
		41679A381F0531E9009E0CFB /* Build configuration list for PBXNativeTarget "LoginApp" */ = {
			isa = XCConfigurationList;
			buildConfigurations = (
				41679A391F0531E9009E0CFB /* Debug */,
				41679A3A1F0531E9009E0CFB /* Release */,
			);
			defaultConfigurationIsVisible = 0;
			defaultConfigurationName = Release;
		};
/* End XCConfigurationList section */
	};
	rootObject = 41679A1E1F0531E9009E0CFB /* Project object */;
}
